
Microsoft Visual Studio Solution File, Format Version 12.00
# Visual Studio Version 16
VisualStudioVersion = 16.0.29709.97
MinimumVisualStudioVersion = 10.0.40219.1
Project("{FAE04EC0-301F-11D3-BF4B-00C04F79EFBC}") = "Intranet", "Intranet\Intranet.csproj", "{BCDB6B2C-FB87-4378-B900-AD9BB5556F45}"
EndProject
Project("{FAE04EC0-301F-11D3-BF4B-00C04F79EFBC}") = "IntranetWeb", "IntranetWeb\IntranetWeb.csproj", "{5A2006BE-84FB-4EEE-B32A-4AF4A6520F5E}"
EndProject
Global
	GlobalSection(SolutionConfigurationPlatforms) = preSolution
		Debug|Any CPU = Debug|Any CPU
		Release|Any CPU = Release|Any CPU
	EndGlobalSection
	GlobalSection(ProjectConfigurationPlatforms) = postSolution
		{BCDB6B2C-FB87-4378-B900-AD9BB5556F45}.Debug|Any CPU.ActiveCfg = Debug|Any CPU
		{BCDB6B2C-FB87-4378-B900-AD9BB5556F45}.Debug|Any CPU.Build.0 = Debug|Any CPU
		{BCDB6B2C-FB87-4378-B900-AD9BB5556F45}.Debug|Any CPU.Deploy.0 = Debug|Any CPU
		{BCDB6B2C-FB87-4378-B900-AD9BB5556F45}.Release|Any CPU.ActiveCfg = Release|Any CPU
		{BCDB6B2C-FB87-4378-B900-AD9BB5556F45}.Release|Any CPU.Build.0 = Release|Any CPU
		{BCDB6B2C-FB87-4378-B900-AD9BB5556F45}.Release|Any CPU.Deploy.0 = Release|Any CPU
		{5A2006BE-84FB-4EEE-B32A-4AF4A6520F5E}.Debug|Any CPU.ActiveCfg = Debug|Any CPU
		{5A2006BE-84FB-4EEE-B32A-4AF4A6520F5E}.Debug|Any CPU.Build.0 = Debug|Any CPU
		{5A2006BE-84FB-4EEE-B32A-4AF4A6520F5E}.Release|Any CPU.ActiveCfg = Release|Any CPU
		{5A2006BE-84FB-4EEE-B32A-4AF4A6520F5E}.Release|Any CPU.Build.0 = Release|Any CPU
	EndGlobalSection
	GlobalSection(SolutionProperties) = preSolution
		HideSolutionNode = FALSE
	EndGlobalSection
	GlobalSection(ExtensibilityGlobals) = postSolution
		SolutionGuid = {3363AB29-EC11-4268-89B9-8B205659989D}
	EndGlobalSection
EndGlobal
